
Microsoft Visual Studio Solution File, Format Version 12.00
# Visual Studio Version 16
VisualStudioVersion = 16.0.30503.244
MinimumVisualStudioVersion = 10.0.40219.1
Project("{FAE04EC0-301F-11D3-BF4B-00C04F79EFBC}") = "HBSIS.BOLETIM.Front", "HBSIS.BOLETIM.Front\HBSIS.BOLETIM.Front.csproj", "{C7FA2E64-A893-41C9-9CEF-57CD203A1E63}"
EndProject
Project("{FAE04EC0-301F-11D3-BF4B-00C04F79EFBC}") = "PROJETO_HBSIS.BOLETIM.MODELS", "PROJETO_HBSIS.BOLETIM.MODELS\PROJETO_HBSIS.BOLETIM.MODELS.csproj", "{627D1285-0F1C-4985-A52A-A0D659108F76}"
EndProject
Global
	GlobalSection(SolutionConfigurationPlatforms) = preSolution
		Debug|Any CPU = Debug|Any CPU
		Release|Any CPU = Release|Any CPU
	EndGlobalSection
	GlobalSection(ProjectConfigurationPlatforms) = postSolution
		{C7FA2E64-A893-41C9-9CEF-57CD203A1E63}.Debug|Any CPU.ActiveCfg = Debug|Any CPU
		{C7FA2E64-A893-41C9-9CEF-57CD203A1E63}.Debug|Any CPU.Build.0 = Debug|Any CPU
		{C7FA2E64-A893-41C9-9CEF-57CD203A1E63}.Release|Any CPU.ActiveCfg = Release|Any CPU
		{C7FA2E64-A893-41C9-9CEF-57CD203A1E63}.Release|Any CPU.Build.0 = Release|Any CPU
		{627D1285-0F1C-4985-A52A-A0D659108F76}.Debug|Any CPU.ActiveCfg = Debug|Any CPU
		{627D1285-0F1C-4985-A52A-A0D659108F76}.Debug|Any CPU.Build.0 = Debug|Any CPU
		{627D1285-0F1C-4985-A52A-A0D659108F76}.Release|Any CPU.ActiveCfg = Release|Any CPU
		{627D1285-0F1C-4985-A52A-A0D659108F76}.Release|Any CPU.Build.0 = Release|Any CPU
	EndGlobalSection
	GlobalSection(SolutionProperties) = preSolution
		HideSolutionNode = FALSE
	EndGlobalSection
	GlobalSection(ExtensibilityGlobals) = postSolution
		SolutionGuid = {C8FC0AD7-B40C-404A-83AB-78C7C2289526}
	EndGlobalSection
EndGlobal
